
Microsoft Visual Studio Solution File, Format Version 12.00
# Visual Studio 15
VisualStudioVersion = 15.0.28307.329
MinimumVisualStudioVersion = 10.0.40219.1
Project("{FAE04EC0-301F-11D3-BF4B-00C04F79EFBC}") = "J_LivingSlave", "J_LivingSlave\J_LivingSlave.csproj", "{121BD19C-DB68-4028-AE5E-301D65ABC30E}"
EndProject
Global
	GlobalSection(SolutionConfigurationPlatforms) = preSolution
		Debug|Any CPU = Debug|Any CPU
		Release|Any CPU = Release|Any CPU
	EndGlobalSection
	GlobalSection(ProjectConfigurationPlatforms) = postSolution
		{121BD19C-DB68-4028-AE5E-301D65ABC30E}.Debug|Any CPU.ActiveCfg = Debug|Any CPU
		{121BD19C-DB68-4028-AE5E-301D65ABC30E}.Debug|Any CPU.Build.0 = Debug|Any CPU
		{121BD19C-DB68-4028-AE5E-301D65ABC30E}.Release|Any CPU.ActiveCfg = Release|Any CPU
		{121BD19C-DB68-4028-AE5E-301D65ABC30E}.Release|Any CPU.Build.0 = Release|Any CPU
	EndGlobalSection
	GlobalSection(SolutionProperties) = preSolution
		HideSolutionNode = FALSE
	EndGlobalSection
	GlobalSection(ExtensibilityGlobals) = postSolution
		SolutionGuid = {2C9588C6-03DA-4DF2-B1A8-C04CC5B985B8}
	EndGlobalSection
EndGlobal
