
Microsoft Visual Studio Solution File, Format Version 12.00
# Visual Studio 15
VisualStudioVersion = 15.0.28010.2003
MinimumVisualStudioVersion = 10.0.40219.1
Project("{8BC9CEB8-8B4A-11D0-8D11-00A0C91BC942}") = "J_living", "J_living\J_living.vcxproj", "{920CD01A-9194-4565-9FD1-6FF12D06F01D}"
EndProject
Project("{8BC9CEB8-8B4A-11D0-8D11-00A0C91BC942}") = "J_listener", "J_listener\J_listener.vcxproj", "{C3FEFC97-8417-4A3E-8383-6A20ED83B5BD}"
EndProject
Project("{8BC9CEB8-8B4A-11D0-8D11-00A0C91BC942}") = "J_farmer", "J_farmer\J_farmer.vcxproj", "{041DB05F-091B-4ED9-83B8-7BC920A02B44}"
EndProject
Project("{8BC9CEB8-8B4A-11D0-8D11-00A0C91BC942}") = "J_server", "J_server\J_server.vcxproj", "{09147AD3-71E7-402D-ABD3-4E2248EC647B}"
EndProject
Global
	GlobalSection(SolutionConfigurationPlatforms) = preSolution
		Debug|x64 = Debug|x64
		Debug|x86 = Debug|x86
		Release|x64 = Release|x64
		Release|x86 = Release|x86
	EndGlobalSection
	GlobalSection(ProjectConfigurationPlatforms) = postSolution
		{920CD01A-9194-4565-9FD1-6FF12D06F01D}.Debug|x64.ActiveCfg = Debug|x64
		{920CD01A-9194-4565-9FD1-6FF12D06F01D}.Debug|x64.Build.0 = Debug|x64
		{920CD01A-9194-4565-9FD1-6FF12D06F01D}.Debug|x86.ActiveCfg = Debug|Win32
		{920CD01A-9194-4565-9FD1-6FF12D06F01D}.Debug|x86.Build.0 = Debug|Win32
		{920CD01A-9194-4565-9FD1-6FF12D06F01D}.Release|x64.ActiveCfg = Release|x64
		{920CD01A-9194-4565-9FD1-6FF12D06F01D}.Release|x64.Build.0 = Release|x64
		{920CD01A-9194-4565-9FD1-6FF12D06F01D}.Release|x86.ActiveCfg = Release|Win32
		{920CD01A-9194-4565-9FD1-6FF12D06F01D}.Release|x86.Build.0 = Release|Win32
		{C3FEFC97-8417-4A3E-8383-6A20ED83B5BD}.Debug|x64.ActiveCfg = Debug|x64
		{C3FEFC97-8417-4A3E-8383-6A20ED83B5BD}.Debug|x64.Build.0 = Debug|x64
		{C3FEFC97-8417-4A3E-8383-6A20ED83B5BD}.Debug|x86.ActiveCfg = Debug|Win32
		{C3FEFC97-8417-4A3E-8383-6A20ED83B5BD}.Debug|x86.Build.0 = Debug|Win32
		{C3FEFC97-8417-4A3E-8383-6A20ED83B5BD}.Release|x64.ActiveCfg = Release|x64
		{C3FEFC97-8417-4A3E-8383-6A20ED83B5BD}.Release|x64.Build.0 = Release|x64
		{C3FEFC97-8417-4A3E-8383-6A20ED83B5BD}.Release|x86.ActiveCfg = Release|Win32
		{C3FEFC97-8417-4A3E-8383-6A20ED83B5BD}.Release|x86.Build.0 = Release|Win32
		{041DB05F-091B-4ED9-83B8-7BC920A02B44}.Debug|x64.ActiveCfg = Debug|x64
		{041DB05F-091B-4ED9-83B8-7BC920A02B44}.Debug|x64.Build.0 = Debug|x64
		{041DB05F-091B-4ED9-83B8-7BC920A02B44}.Debug|x86.ActiveCfg = Debug|Win32
		{041DB05F-091B-4ED9-83B8-7BC920A02B44}.Debug|x86.Build.0 = Debug|Win32
		{041DB05F-091B-4ED9-83B8-7BC920A02B44}.Release|x64.ActiveCfg = Release|x64
		{041DB05F-091B-4ED9-83B8-7BC920A02B44}.Release|x64.Build.0 = Release|x64
		{041DB05F-091B-4ED9-83B8-7BC920A02B44}.Release|x86.ActiveCfg = Release|Win32
		{041DB05F-091B-4ED9-83B8-7BC920A02B44}.Release|x86.Build.0 = Release|Win32
		{09147AD3-71E7-402D-ABD3-4E2248EC647B}.Debug|x64.ActiveCfg = Debug|x64
		{09147AD3-71E7-402D-ABD3-4E2248EC647B}.Debug|x64.Build.0 = Debug|x64
		{09147AD3-71E7-402D-ABD3-4E2248EC647B}.Debug|x86.ActiveCfg = Debug|Win32
		{09147AD3-71E7-402D-ABD3-4E2248EC647B}.Debug|x86.Build.0 = Debug|Win32
		{09147AD3-71E7-402D-ABD3-4E2248EC647B}.Release|x64.ActiveCfg = Release|x64
		{09147AD3-71E7-402D-ABD3-4E2248EC647B}.Release|x64.Build.0 = Release|x64
		{09147AD3-71E7-402D-ABD3-4E2248EC647B}.Release|x86.ActiveCfg = Release|Win32
		{09147AD3-71E7-402D-ABD3-4E2248EC647B}.Release|x86.Build.0 = Release|Win32
	EndGlobalSection
	GlobalSection(SolutionProperties) = preSolution
		HideSolutionNode = FALSE
	EndGlobalSection
	GlobalSection(ExtensibilityGlobals) = postSolution
		SolutionGuid = {1AB44256-B20B-45EE-A288-0409DAB50DE5}
	EndGlobalSection
EndGlobal
