
Microsoft Visual Studio Solution File, Format Version 12.00
# Visual Studio 15
VisualStudioVersion = 15.0.28307.329
MinimumVisualStudioVersion = 10.0.40219.1
Project("{FAE04EC0-301F-11D3-BF4B-00C04F79EFBC}") = "J_LivingWorker", "J_LivingWorker.csproj", "{121BD19C-DB68-4028-AE5E-301D65ABC30E}"
EndProject
Global
	GlobalSection(SolutionConfigurationPlatforms) = preSolution
		Debug|Any CPU = Debug|Any CPU
		Debug|x86 = Debug|x86
		Release|Any CPU = Release|Any CPU
		Release|x86 = Release|x86
	EndGlobalSection
	GlobalSection(ProjectConfigurationPlatforms) = postSolution
		{121BD19C-DB68-4028-AE5E-301D65ABC30E}.Debug|Any CPU.ActiveCfg = Debug|Any CPU
		{121BD19C-DB68-4028-AE5E-301D65ABC30E}.Debug|Any CPU.Build.0 = Debug|Any CPU
		{121BD19C-DB68-4028-AE5E-301D65ABC30E}.Debug|x86.ActiveCfg = Debug|x86
		{121BD19C-DB68-4028-AE5E-301D65ABC30E}.Release|Any CPU.ActiveCfg = Release|Any CPU
		{121BD19C-DB68-4028-AE5E-301D65ABC30E}.Release|Any CPU.Build.0 = Release|Any CPU
		{121BD19C-DB68-4028-AE5E-301D65ABC30E}.Release|x86.ActiveCfg = Release|x86
		{121BD19C-DB68-4028-AE5E-301D65ABC30E}.Release|x86.Build.0 = Release|x86
	EndGlobalSection
	GlobalSection(SolutionProperties) = preSolution
		HideSolutionNode = FALSE
	EndGlobalSection
	GlobalSection(ExtensibilityGlobals) = postSolution
		SolutionGuid = {D3F77115-638E-4A8A-ABEA-29F9562E0A72}
	EndGlobalSection
EndGlobal
